	<Project xmlns="http://schemas.microsoft.com/developer/msbuild/2003">
		<PropertyGroup>
			<ProjectGuid>{6E7A20A3-1F7E-424E-9C2B-DE3F69439618}</ProjectGuid>
			<MainSource>Client.dpr</MainSource>
			<Base>True</Base>
			<Config Condition="'$(Config)'==''">Debug</Config>
			<TargetedPlatforms>1</TargetedPlatforms>
			<AppType>Application</AppType>
			<FrameworkType>VCL</FrameworkType>
			<ProjectVersion>13.4</ProjectVersion>
			<Platform Condition="'$(Platform)'==''">Win32</Platform>
		</PropertyGroup>
		<PropertyGroup Condition="'$(Config)'=='Base' or '$(Base)'!=''">
			<Base>true</Base>
		</PropertyGroup>
		<PropertyGroup Condition="('$(Platform)'=='Win64' and '$(Base)'=='true') or '$(Base_Win64)'!=''">
			<Base_Win64>true</Base_Win64>
			<CfgParent>Base</CfgParent>
			<Base>true</Base>
		</PropertyGroup>
		<PropertyGroup Condition="('$(Platform)'=='Win32' and '$(Base)'=='true') or '$(Base_Win32)'!=''">
			<Base_Win32>true</Base_Win32>
			<CfgParent>Base</CfgParent>
			<Base>true</Base>
		</PropertyGroup>
		<PropertyGroup Condition="'$(Config)'=='Release' or '$(Cfg_1)'!=''">
			<Cfg_1>true</Cfg_1>
			<CfgParent>Base</CfgParent>
			<Base>true</Base>
		</PropertyGroup>
		<PropertyGroup Condition="'$(Config)'=='Debug' or '$(Cfg_2)'!=''">
			<Cfg_2>true</Cfg_2>
			<CfgParent>Base</CfgParent>
			<Base>true</Base>
		</PropertyGroup>
		<PropertyGroup Condition="'$(Base)'!=''">
			<DCC_UnitSearchPath>E:\侠众道源码\aLib;$(DCC_UnitSearchPath)</DCC_UnitSearchPath>
			<DCC_Alignment>1</DCC_Alignment>
			<DCC_ImageBase>00400000</DCC_ImageBase>
			<DCC_ExeOutput>D:\侠众道</DCC_ExeOutput>
			<DCC_UNSAFE_CAST>true</DCC_UNSAFE_CAST>
			<DCC_Namespace>Vcl;Vcl.Imaging;Vcl.Touch;Vcl.Samples;Vcl.Shell;System;Xml;Data;Datasnap;Web;Soap;Winapi;System.Win;$(DCC_Namespace)</DCC_Namespace>
			<DCC_WriteableConstants>true</DCC_WriteableConstants>
			<DCC_UNSAFE_CODE>true</DCC_UNSAFE_CODE>
			<DCC_UNSAFE_TYPE>true</DCC_UNSAFE_TYPE>
			<DCC_K>false</DCC_K>
			<DCC_F>false</DCC_F>
			<DCC_S>false</DCC_S>
			<DCC_N>true</DCC_N>
			<DCC_E>false</DCC_E>
			<VerInfo_Keys>FileVersion=1.0.0.0</VerInfo_Keys>
			<DCC_UsePackage>vclx30;VCL30;DelphiX;VclSmp30;inetdb30;inet30;vcldb30;Qrpt30;$(DCC_UsePackage)</DCC_UsePackage>
			<VerInfo_Locale>1042</VerInfo_Locale>
			<DCC_SymbolReferenceInfo>0</DCC_SymbolReferenceInfo>
		</PropertyGroup>
		<PropertyGroup Condition="'$(Base_Win64)'!=''">
			<Icon_MainIcon>Client_Icon.ico</Icon_MainIcon>
		</PropertyGroup>
		<PropertyGroup Condition="'$(Base_Win32)'!=''">
			<VerInfo_IncludeVerInfo>true</VerInfo_IncludeVerInfo>
			<Icon_MainIcon>Client_Icon.ico</Icon_MainIcon>
			<DCC_Namespace>Winapi;System.Win;Data.Win;Datasnap.Win;Web.Win;Soap.Win;Xml.Win;Bde;$(DCC_Namespace)</DCC_Namespace>
			<VerInfo_Locale>1033</VerInfo_Locale>
			<Manifest_File>$(BDS)\bin\default_app.manifest</Manifest_File>
			<VerInfo_Keys>CompanyName=;FileDescription=;FileVersion=1.0.0.0;InternalName=;LegalCopyright=;LegalTrademarks=;OriginalFilename=;ProductName=;ProductVersion=1.0.0.0;Comments=</VerInfo_Keys>
		</PropertyGroup>
		<PropertyGroup Condition="'$(Cfg_1)'!=''">
			<DCC_DebugInformation>false</DCC_DebugInformation>
			<DCC_LocalDebugSymbols>false</DCC_LocalDebugSymbols>
			<DCC_Define>RELEASE;$(DCC_Define)</DCC_Define>
		</PropertyGroup>
		<PropertyGroup Condition="'$(Cfg_2)'!=''">
			<DCC_Define>DEBUG;$(DCC_Define)</DCC_Define>
			<DCC_Optimize>false</DCC_Optimize>
			<DCC_GenerateStackFrames>true</DCC_GenerateStackFrames>
		</PropertyGroup>
		<ItemGroup>
			<DelphiCompile Include="$(MainSource)">
				<MainSource>MainSource</MainSource>
			</DelphiCompile>
			<DCCReference Include="FLogOn.pas">
				<Form>FrmLogOn</Form>
			</DCCReference>
			<DCCReference Include="FNewUser.pas">
				<Form>FrmNewUser</Form>
			</DCCReference>
			<DCCReference Include="FSelChar.pas">
				<Form>FrmSelChar</Form>
			</DCCReference>
			<DCCReference Include="CLMap.pas"/>
			<DCCReference Include="CTable.pas"/>
			<DCCReference Include="dll_Sock.pas"/>
			<DCCReference Include="Usound.pas"/>
			<DCCReference Include="..\1000ydef\deftype.pas"/>
			<DCCReference Include="TileCls.pas"/>
			<DCCReference Include="objcls.pas"/>
			<DCCReference Include="FMain.pas">
				<Form>FrmM</Form>
			</DCCReference>
			<DCCReference Include="FBottom.pas">
				<Form>FrmBottom</Form>
			</DCCReference>
			<DCCReference Include="FAttrib.pas">
				<Form>FrmAttrib</Form>
			</DCCReference>
			<DCCReference Include="..\1000ydef\SubUtil.pas"/>
			<DCCReference Include="FExchange.pas">
				<Form>FrmExchange</Form>
			</DCCReference>
			<DCCReference Include="FSearch.pas">
				<Form>FrmSearch</Form>
			</DCCReference>
			<DCCReference Include="FQuantity.pas">
				<Form>FrmQuantity</Form>
			</DCCReference>
			<DCCReference Include="FSound.pas">
				<Form>FrmSound</Form>
			</DCCReference>
			<DCCReference Include="..\1000ydef\Log.pas"/>
			<DCCReference Include="FDepository.pas">
				<Form>FrmDepository</Form>
			</DCCReference>
			<DCCReference Include="FSearchUser.pas">
				<Form>FrmSearchUser</Form>
			</DCCReference>
			<DCCReference Include="FcMessageBox.pas">
				<Form>FrmcMessageBox</Form>
			</DCCReference>
			<DCCReference Include="uPersonBat.pas"/>
			<DCCReference Include="FbatList.pas">
				<Form>FrmbatList</Form>
			</DCCReference>
			<DCCReference Include="FMuMagicOffer.pas">
				<Form>FrmMuMagicOffer</Form>
			</DCCReference>
			<DCCReference Include="..\common\uBuffer.pas"/>
			<DCCReference Include="..\common\uCrypt.pas"/>
			<DCCReference Include="..\common\uPackets.pas"/>
			<DCCReference Include="FStipulation.pas">
				<Form>FrmStipulation</Form>
			</DCCReference>
			<DCCReference Include="..\common\BSCommon.pas"/>
			<BuildConfiguration Include="Debug">
				<Key>Cfg_2</Key>
				<CfgParent>Base</CfgParent>
			</BuildConfiguration>
			<BuildConfiguration Include="Base">
				<Key>Base</Key>
			</BuildConfiguration>
			<BuildConfiguration Include="Release">
				<Key>Cfg_1</Key>
				<CfgParent>Base</CfgParent>
			</BuildConfiguration>
		</ItemGroup>
		<ProjectExtensions>
			<Borland.Personality>Delphi.Personality.12</Borland.Personality>
			<Borland.ProjectType/>
			<BorlandProject>
				<Delphi.Personality>
					<Source>
						<Source Name="MainSource">Client.dpr</Source>
					</Source>
					<Language>
						<Language Name="ProjectLang">$00000412</Language>
					</Language>
					<VersionInfo>
						<VersionInfo Name="IncludeVerInfo">False</VersionInfo>
						<VersionInfo Name="AutoIncBuild">False</VersionInfo>
						<VersionInfo Name="MajorVer">1</VersionInfo>
						<VersionInfo Name="MinorVer">0</VersionInfo>
						<VersionInfo Name="Release">0</VersionInfo>
						<VersionInfo Name="Build">0</VersionInfo>
						<VersionInfo Name="Debug">False</VersionInfo>
						<VersionInfo Name="PreRelease">False</VersionInfo>
						<VersionInfo Name="Special">False</VersionInfo>
						<VersionInfo Name="Private">False</VersionInfo>
						<VersionInfo Name="DLL">False</VersionInfo>
						<VersionInfo Name="Locale">1042</VersionInfo>
						<VersionInfo Name="CodePage">949</VersionInfo>
					</VersionInfo>
					<VersionInfoKeys>
						<VersionInfoKeys Name="FileVersion">1.0.0.0</VersionInfoKeys>
					</VersionInfoKeys>
				</Delphi.Personality>
				<Platforms>
					<Platform value="Win64">False</Platform>
					<Platform value="Win32">True</Platform>
				</Platforms>
			</BorlandProject>
			<ProjectFileVersion>12</ProjectFileVersion>
		</ProjectExtensions>
		<Import Condition="Exists('$(BDS)\Bin\CodeGear.Delphi.Targets')" Project="$(BDS)\Bin\CodeGear.Delphi.Targets"/>
		<Import Condition="Exists('$(APPDATA)\Embarcadero\$(BDSAPPDATABASEDIR)\$(PRODUCTVERSION)\UserTools.proj')" Project="$(APPDATA)\Embarcadero\$(BDSAPPDATABASEDIR)\$(PRODUCTVERSION)\UserTools.proj"/>
	</Project>
